
Microsoft Visual Studio Solution File, Format Version 12.00
# Visual Studio Version 17
VisualStudioVersion = 17.0.32014.148
MinimumVisualStudioVersion = 10.0.40219.1
Project("{888888A0-9F3D-457C-B088-3A5042F75D52}") = "Fractals", "FractalTree\Fractals.pyproj", "{7166BA63-7AFE-4B6E-B7D3-CA9C9E4F2F61}"
EndProject
Global
	GlobalSection(SolutionConfigurationPlatforms) = preSolution
		Debug|Any CPU = Debug|Any CPU
		Release|Any CPU = Release|Any CPU
	EndGlobalSection
	GlobalSection(ProjectConfigurationPlatforms) = postSolution
		{7166BA63-7AFE-4B6E-B7D3-CA9C9E4F2F61}.Debug|Any CPU.ActiveCfg = Debug|Any CPU
		{7166BA63-7AFE-4B6E-B7D3-CA9C9E4F2F61}.Release|Any CPU.ActiveCfg = Release|Any CPU
	EndGlobalSection
	GlobalSection(SolutionProperties) = preSolution
		HideSolutionNode = FALSE
	EndGlobalSection
	GlobalSection(ExtensibilityGlobals) = postSolution
		SolutionGuid = {08E58C3B-8008-4FC8-9FB9-39481DC39C62}
	EndGlobalSection
EndGlobal
